
Microsoft Visual Studio Solution File, Format Version 12.00
# Visual Studio Version 16
VisualStudioVersion = 16.0.29905.134
MinimumVisualStudioVersion = 10.0.40219.1
Project("{2150E333-8FDC-42A3-9474-1A3956D46DE8}") = "src", "src", "{E5936147-ED45-42CE-8051-460EBC8A129C}"
EndProject
Project("{2150E333-8FDC-42A3-9474-1A3956D46DE8}") = "tests", "tests", "{AF105A52-E945-4AE8-8058-3F489DE98574}"
EndProject
Project("{2150E333-8FDC-42A3-9474-1A3956D46DE8}") = "core", "core", "{2E9B2D95-0AD4-46E8-91B8-3A3F1CA59DD5}"
EndProject
Project("{2150E333-8FDC-42A3-9474-1A3956D46DE8}") = "clients", "clients", "{328CF635-86D3-45D4-8F15-9619020268DA}"
EndProject
Project("{2150E333-8FDC-42A3-9474-1A3956D46DE8}") = "unit", "unit", "{ACFC06E4-2B29-48CC-A746-DC336E59E776}"
EndProject
Project("{2150E333-8FDC-42A3-9474-1A3956D46DE8}") = "integration", "integration", "{6738A852-49E1-4C8E-9812-063AF3712EA4}"
EndProject
Project("{2150E333-8FDC-42A3-9474-1A3956D46DE8}") = "functional", "functional", "{83A1B130-AA35-4CB9-8A47-B837B5EEE83B}"
EndProject
Project("{2150E333-8FDC-42A3-9474-1A3956D46DE8}") = "base", "base", "{2A6E25F9-F187-42E2-AFD5-00FA919B0736}"
EndProject
Project("{FAE04EC0-301F-11D3-BF4B-00C04F79EFBC}") = "SampleAspNet.Persistence", "Src\Base\Persistence\SampleAspNet.Persistence.csproj", "{B358BDE9-46BE-4A66-A580-465841A75A33}"
EndProject
Project("{FAE04EC0-301F-11D3-BF4B-00C04F79EFBC}") = "SampleAspNet.Domain", "Src\Core\Domain\SampleAspNet.Domain.csproj", "{BB4B630F-AF2B-4371-997D-963132A6F372}"
EndProject
Project("{2150E333-8FDC-42A3-9474-1A3956D46DE8}") = "generic", "generic", "{224FD313-45C5-4805-A29D-F01968409BCB}"
EndProject
Project("{FAE04EC0-301F-11D3-BF4B-00C04F79EFBC}") = "SampleAspNet.Application", "Src\Core\Application\SampleAspNet.Application.csproj", "{82F6F4E4-65AB-4D0F-A1E9-BE7C2A134F2F}"
EndProject
Global
	GlobalSection(SolutionConfigurationPlatforms) = preSolution
		Debug|Any CPU = Debug|Any CPU
		Release|Any CPU = Release|Any CPU
	EndGlobalSection
	GlobalSection(ProjectConfigurationPlatforms) = postSolution
		{B358BDE9-46BE-4A66-A580-465841A75A33}.Debug|Any CPU.ActiveCfg = Debug|Any CPU
		{B358BDE9-46BE-4A66-A580-465841A75A33}.Debug|Any CPU.Build.0 = Debug|Any CPU
		{B358BDE9-46BE-4A66-A580-465841A75A33}.Release|Any CPU.ActiveCfg = Release|Any CPU
		{B358BDE9-46BE-4A66-A580-465841A75A33}.Release|Any CPU.Build.0 = Release|Any CPU
		{BB4B630F-AF2B-4371-997D-963132A6F372}.Debug|Any CPU.ActiveCfg = Debug|Any CPU
		{BB4B630F-AF2B-4371-997D-963132A6F372}.Debug|Any CPU.Build.0 = Debug|Any CPU
		{BB4B630F-AF2B-4371-997D-963132A6F372}.Release|Any CPU.ActiveCfg = Release|Any CPU
		{BB4B630F-AF2B-4371-997D-963132A6F372}.Release|Any CPU.Build.0 = Release|Any CPU
		{82F6F4E4-65AB-4D0F-A1E9-BE7C2A134F2F}.Debug|Any CPU.ActiveCfg = Debug|Any CPU
		{82F6F4E4-65AB-4D0F-A1E9-BE7C2A134F2F}.Debug|Any CPU.Build.0 = Debug|Any CPU
		{82F6F4E4-65AB-4D0F-A1E9-BE7C2A134F2F}.Release|Any CPU.ActiveCfg = Release|Any CPU
		{82F6F4E4-65AB-4D0F-A1E9-BE7C2A134F2F}.Release|Any CPU.Build.0 = Release|Any CPU
	EndGlobalSection
	GlobalSection(SolutionProperties) = preSolution
		HideSolutionNode = FALSE
	EndGlobalSection
	GlobalSection(NestedProjects) = preSolution
		{2E9B2D95-0AD4-46E8-91B8-3A3F1CA59DD5} = {E5936147-ED45-42CE-8051-460EBC8A129C}
		{328CF635-86D3-45D4-8F15-9619020268DA} = {E5936147-ED45-42CE-8051-460EBC8A129C}
		{ACFC06E4-2B29-48CC-A746-DC336E59E776} = {AF105A52-E945-4AE8-8058-3F489DE98574}
		{6738A852-49E1-4C8E-9812-063AF3712EA4} = {AF105A52-E945-4AE8-8058-3F489DE98574}
		{83A1B130-AA35-4CB9-8A47-B837B5EEE83B} = {AF105A52-E945-4AE8-8058-3F489DE98574}
		{2A6E25F9-F187-42E2-AFD5-00FA919B0736} = {E5936147-ED45-42CE-8051-460EBC8A129C}
		{B358BDE9-46BE-4A66-A580-465841A75A33} = {2A6E25F9-F187-42E2-AFD5-00FA919B0736}
		{BB4B630F-AF2B-4371-997D-963132A6F372} = {2E9B2D95-0AD4-46E8-91B8-3A3F1CA59DD5}
		{224FD313-45C5-4805-A29D-F01968409BCB} = {E5936147-ED45-42CE-8051-460EBC8A129C}
		{82F6F4E4-65AB-4D0F-A1E9-BE7C2A134F2F} = {2E9B2D95-0AD4-46E8-91B8-3A3F1CA59DD5}
	EndGlobalSection
	GlobalSection(ExtensibilityGlobals) = postSolution
		SolutionGuid = {50E651AA-44BA-4E57-80A5-DF8D3768754A}
	EndGlobalSection
EndGlobal
